Microsoft Visual Studio Solution File, Format Version 11.00
# Visual Studio 2008

Project("{E2AB5AFE-DFBB-3FF5-B75A-5A96F8AF9BD6}") = "QuickAwesomeFunGamePrisonEdition", "Assembly-CSharp-vs.csproj", "{C37F24DE-F21B-1B5D-14A8-06A2F491A1FD}"
EndProject
Global
	GlobalSection(SolutionConfigurationPlatforms) = preSolution
		Debug|Any CPU = Debug|Any CPU
		Release|Any CPU = Release|Any CPU
	EndGlobalSection
	GlobalSection(ProjectConfigurationPlatforms) = postSolution
		{C37F24DE-F21B-1B5D-14A8-06A2F491A1FD}.Debug|Any CPU.ActiveCfg = Debug|Any CPU
		{C37F24DE-F21B-1B5D-14A8-06A2F491A1FD}.Debug|Any CPU.Build.0 = Debug|Any CPU
		{C37F24DE-F21B-1B5D-14A8-06A2F491A1FD}.Release|Any CPU.ActiveCfg = Release|Any CPU
		{C37F24DE-F21B-1B5D-14A8-06A2F491A1FD}.Release|Any CPU.Build.0 = Release|Any CPU
	EndGlobalSection
	GlobalSection(SolutionProperties) = preSolution
		HideSolutionNode = FALSE
	EndGlobalSection
						GlobalSection(MonoDevelopProperties) = preSolution
		StartupItem = Assembly-CSharp.csproj
		Policies = $0
		$0.TextStylePolicy = $1
		$1.inheritsSet = null
		$1.scope = text/x-csharp
		$0.CSharpFormattingPolicy = $2
		$2.inheritsSet = Mono
		$2.inheritsScope = text/x-csharp
		$2.scope = text/x-csharp
		$0.TextStylePolicy = $3
		$3.FileWidth = 120
		$3.TabWidth = 4
		$3.EolMarker = Unix
		$3.inheritsSet = Mono
		$3.inheritsScope = text/plain
		$3.scope = text/plain
	EndGlobalSection

EndGlobal
